// !$*UTF8*$!
{
	archiveVersion = 1;
	classes = {
	};
	objectVersion = 52;
	objects = {

/* Begin PBXBuildFile section */
		84895D6325E815E100D5EEC0 /* AppDelegate.swift in Sources */ = {isa = PBXBuildFile; fileRef = 84895D6225E815E100D5EEC0 /* AppDelegate.swift */; };
		84895D6525E815E100D5EEC0 /* SceneDelegate.swift in Sources */ = {isa = PBXBuildFile; fileRef = 84895D6425E815E100D5EEC0 /* SceneDelegate.swift */; };
		84895D6C25E815E200D5EEC0 /* Assets.xcassets in Resources */ = {isa = PBXBuildFile; fileRef = 84895D6B25E815E200D5EEC0 /* Assets.xcassets */; };
		84895D6F25E815E200D5EEC0 /* LaunchScreen.storyboard in Resources */ = {isa = PBXBuildFile; fileRef = 84895D6D25E815E200D5EEC0 /* LaunchScreen.storyboard */; };
		84895D7925E8161700D5EEC0 /* Turbo in Frameworks */ = {isa = PBXBuildFile; productRef = 84895D7825E8161700D5EEC0 /* Turbo */; };
		84895D8925E81A5300D5EEC0 /* AppCoordinator.swift in Sources */ = {isa = PBXBuildFile; fileRef = 84895D8825E81A5300D5EEC0 /* AppCoordinator.swift */; };
		84895D8E25E83A0700D5EEC0 /* ErrorView.swift in Sources */ = {isa = PBXBuildFile; fileRef = 84895D8D25E83A0700D5EEC0 /* ErrorView.swift */; };
		84895D9425E85ED700D5EEC0 /* PathConfiguration.json in Resources */ = {isa = PBXBuildFile; fileRef = 84895D9225E85DE500D5EEC0 /* PathConfiguration.json */; };
/* End PBXBuildFile section */

/* Begin PBXFileReference section */
		84895D5F25E815E100D5EEC0 /* Turbo Demo.app */ = {isa = PBXFileReference; explicitFileType = wrapper.application; includeInIndex = 0; path = "Turbo Demo.app"; sourceTree = BUILT_PRODUCTS_DIR; };
		84895D6225E815E100D5EEC0 /* AppDelegate.swift */ = {isa = PBXFileReference; lastKnownFileType = sourcecode.swift; path = AppDelegate.swift; sourceTree = "<group>"; };
		84895D6425E815E100D5EEC0 /* SceneDelegate.swift */ = {isa = PBXFileReference; lastKnownFileType = sourcecode.swift; path = SceneDelegate.swift; sourceTree = "<group>"; };
		84895D6B25E815E200D5EEC0 /* Assets.xcassets */ = {isa = PBXFileReference; lastKnownFileType = folder.assetcatalog; path = Assets.xcassets; sourceTree = "<group>"; };
		84895D6E25E815E200D5EEC0 /* Base */ = {isa = PBXFileReference; lastKnownFileType = file.storyboard; name = Base; path = Base.lproj/LaunchScreen.storyboard; sourceTree = "<group>"; };
		84895D7025E815E200D5EEC0 /* Info.plist */ = {isa = PBXFileReference; lastKnownFileType = text.plist.xml; path = Info.plist; sourceTree = "<group>"; };
		84895D8825E81A5300D5EEC0 /* AppCoordinator.swift */ = {isa = PBXFileReference; lastKnownFileType = sourcecode.swift; path = AppCoordinator.swift; sourceTree = "<group>"; };
		84895D8D25E83A0700D5EEC0 /* ErrorView.swift */ = {isa = PBXFileReference; lastKnownFileType = sourcecode.swift; path = ErrorView.swift; sourceTree = "<group>"; };
		84895D9225E85DE500D5EEC0 /* PathConfiguration.json */ = {isa = PBXFileReference; lastKnownFileType = text.json; path = PathConfiguration.json; sourceTree = "<group>"; };
/* End PBXFileReference section */

/* Begin PBXFrameworksBuildPhase section */
		84895D5C25E815E100D5EEC0 /* Frameworks */ = {
			isa = PBXFrameworksBuildPhase;
			buildActionMask = 2147483647;
			files = (
				84895D7925E8161700D5EEC0 /* Turbo in Frameworks */,
			);
			runOnlyForDeploymentPostprocessing = 0;
		};
/* End PBXFrameworksBuildPhase section */

/* Begin PBXGroup section */
		84895D5625E815E100D5EEC0 = {
			isa = PBXGroup;
			children = (
				84895D6125E815E100D5EEC0 /* App */,
				84895D6025E815E100D5EEC0 /* Products */,
			);
			sourceTree = "<group>";
		};
		84895D6025E815E100D5EEC0 /* Products */ = {
			isa = PBXGroup;
			children = (
				84895D5F25E815E100D5EEC0 /* Turbo Demo.app */,
			);
			name = Products;
			sourceTree = "<group>";
		};
		84895D6125E815E100D5EEC0 /* App */ = {
			isa = PBXGroup;
			children = (
				84895D8725E81A4A00D5EEC0 /* Coordinators */,
				84895D8225E8172C00D5EEC0 /* Delegates */,
				84895D8125E8172300D5EEC0 /* Resources */,
				84895D7C25E8162E00D5EEC0 /* Supporting Files */,
				84895D8C25E839FE00D5EEC0 /* Views */,
			);
			path = App;
			sourceTree = "<group>";
		};
		84895D7C25E8162E00D5EEC0 /* Supporting Files */ = {
			isa = PBXGroup;
			children = (
				84895D7025E815E200D5EEC0 /* Info.plist */,
			);
			path = "Supporting Files";
			sourceTree = "<group>";
		};
		84895D8125E8172300D5EEC0 /* Resources */ = {
			isa = PBXGroup;
			children = (
				84895D9225E85DE500D5EEC0 /* PathConfiguration.json */,
				84895D6B25E815E200D5EEC0 /* Assets.xcassets */,
				84895D6D25E815E200D5EEC0 /* LaunchScreen.storyboard */,
			);
			path = Resources;
			sourceTree = "<group>";
		};
		84895D8225E8172C00D5EEC0 /* Delegates */ = {
			isa = PBXGroup;
			children = (
				84895D6225E815E100D5EEC0 /* AppDelegate.swift */,
				84895D6425E815E100D5EEC0 /* SceneDelegate.swift */,
			);
			path = Delegates;
			sourceTree = "<group>";
		};
		84895D8725E81A4A00D5EEC0 /* Coordinators */ = {
			isa = PBXGroup;
			children = (
				84895D8825E81A5300D5EEC0 /* AppCoordinator.swift */,
			);
			path = Coordinators;
			sourceTree = "<group>";
		};
		84895D8C25E839FE00D5EEC0 /* Views */ = {
			isa = PBXGroup;
			children = (
				84895D8D25E83A0700D5EEC0 /* ErrorView.swift */,
			);
			path = Views;
			sourceTree = "<group>";
		};
/* End PBXGroup section */

/* Begin PBXNativeTarget section */
		84895D5E25E815E100D5EEC0 /* Turbo Demo */ = {
			isa = PBXNativeTarget;
			buildConfigurationList = 84895D7325E815E200D5EEC0 /* Build configuration list for PBXNativeTarget "Turbo Demo" */;
			buildPhases = (
				84895D5B25E815E100D5EEC0 /* Sources */,
				84895D5C25E815E100D5EEC0 /* Frameworks */,
				84895D5D25E815E100D5EEC0 /* Resources */,
			);
			buildRules = (
			);
			dependencies = (
			);
			name = "Turbo Demo";
			packageProductDependencies = (
				84895D7825E8161700D5EEC0 /* Turbo */,
			);
			productName = "Turbo Demo";
			productReference = 84895D5F25E815E100D5EEC0 /* Turbo Demo.app */;
			productType = "com.apple.product-type.application";
		};
/* End PBXNativeTarget section */

/* Begin PBXProject section */
		84895D5725E815E100D5EEC0 /* Project object */ = {
			isa = PBXProject;
			attributes = {
				LastSwiftUpdateCheck = 1240;
				LastUpgradeCheck = 1240;
				TargetAttributes = {
					84895D5E25E815E100D5EEC0 = {
						CreatedOnToolsVersion = 12.4;
					};
				};
			};
			buildConfigurationList = 84895D5A25E815E100D5EEC0 /* Build configuration list for PBXProject "Turbo Demo" */;
			compatibilityVersion = "Xcode 9.3";
			developmentRegion = en;
			hasScannedForEncodings = 0;
			knownRegions = (
				en,
				Base,
			);
			mainGroup = 84895D5625E815E100D5EEC0;
			packageReferences = (
				84895D7725E8161700D5EEC0 /* XCRemoteSwiftPackageReference "turbo-ios" */,
			);
			productRefGroup = 84895D6025E815E100D5EEC0 /* Products */;
			projectDirPath = "";
			projectRoot = "";
			targets = (
				84895D5E25E815E100D5EEC0 /* Turbo Demo */,
			);
		};
/* End PBXProject section */

/* Begin PBXResourcesBuildPhase section */
		84895D5D25E815E100D5EEC0 /* Resources */ = {
			isa = PBXResourcesBuildPhase;
			buildActionMask = 2147483647;
			files = (
				84895D9425E85ED700D5EEC0 /* PathConfiguration.json in Resources */,
				84895D6F25E815E200D5EEC0 /* LaunchScreen.storyboard in Resources */,
				84895D6C25E815E200D5EEC0 /* Assets.xcassets in Resources */,
			);
			runOnlyForDeploymentPostprocessing = 0;
		};
/* End PBXResourcesBuildPhase section */

/* Begin PBXSourcesBuildPhase section */
		84895D5B25E815E100D5EEC0 /* Sources */ = {
			isa = PBXSourcesBuildPhase;
			buildActionMask = 2147483647;
			files = (
				84895D8925E81A5300D5EEC0 /* AppCoordinator.swift in Sources */,
				84895D6325E815E100D5EEC0 /* AppDelegate.swift in Sources */,
				84895D6525E815E100D5EEC0 /* SceneDelegate.swift in Sources */,
				84895D8E25E83A0700D5EEC0 /* ErrorView.swift in Sources */,
			);
			runOnlyForDeploymentPostprocessing = 0;
		};
/* End PBXSourcesBuildPhase section */

/* Begin PBXVariantGroup section */
		84895D6D25E815E200D5EEC0 /* LaunchScreen.storyboard */ = {
			isa = PBXVariantGroup;
			children = (
				84895D6E25E815E200D5EEC0 /* Base */,
			);
			name = LaunchScreen.storyboard;
			sourceTree = "<group>";
		};
/* End PBXVariantGroup section */

/* Begin XCBuildConfiguration section */
		84895D7125E815E200D5EEC0 /* Debug */ = {
			isa = XCBuildConfiguration;
			buildSettings = {
				ALWAYS_SEARCH_USER_PATHS = NO;
				CLANG_ANALYZER_NONNULL = YES;
				CLANG_ANALYZER_NUMBER_OBJECT_CONVERSION = YES_AGGRESSIVE;
				CLANG_CXX_LANGUAGE_STANDARD = "gnu++14";
				CLANG_CXX_LIBRARY = "libc++";
				CLANG_ENABLE_MODULES = YES;
				CLANG_ENABLE_OBJC_ARC = YES;
				CLANG_ENABLE_OBJC_WEAK = YES;
				CLANG_WARN_BLOCK_CAPTURE_AUTORELEASING = YES;
				CLANG_WARN_BOOL_CONVERSION = YES;
				CLANG_WARN_COMMA = YES;
				CLANG_WARN_CONSTANT_CONVERSION = YES;
				CLANG_WARN_DEPRECATED_OBJC_IMPLEMENTATIONS = YES;
				CLANG_WARN_DIRECT_OBJC_ISA_USAGE = YES_ERROR;
				CLANG_WARN_DOCUMENTATION_COMMENTS = YES;
				CLANG_WARN_EMPTY_BODY = YES;
				CLANG_WARN_ENUM_CONVERSION = YES;
				CLANG_WARN_INFINITE_RECURSION = YES;
				CLANG_WARN_INT_CONVERSION = YES;
				CLANG_WARN_NON_LITERAL_NULL_CONVERSION = YES;
				CLANG_WARN_OBJC_IMPLICIT_RETAIN_SELF = YES;
				CLANG_WARN_OBJC_LITERAL_CONVERSION = YES;
				CLANG_WARN_OBJC_ROOT_CLASS = YES_ERROR;
				CLANG_WARN_QUOTED_INCLUDE_IN_FRAMEWORK_HEADER = YES;
				CLANG_WARN_RANGE_LOOP_ANALYSIS = YES;
				CLANG_WARN_STRICT_PROTOTYPES = YES;
				CLANG_WARN_SUSPICIOUS_MOVE = YES;
				CLANG_WARN_UNGUARDED_AVAILABILITY = YES_AGGRESSIVE;
				CLANG_WARN_UNREACHABLE_CODE = YES;
				CLANG_WARN__DUPLICATE_METHOD_MATCH = YES;
				COPY_PHASE_STRIP = NO;
				DEBUG_INFORMATION_FORMAT = dwarf;
				ENABLE_STRICT_OBJC_MSGSEND = YES;
				ENABLE_TESTABILITY = YES;
				GCC_C_LANGUAGE_STANDARD = gnu11;
				GCC_DYNAMIC_NO_PIC = NO;
				GCC_NO_COMMON_BLOCKS = YES;
				GCC_OPTIMIZATION_LEVEL = 0;
				GCC_PREPROCESSOR_DEFINITIONS = (
					"DEBUG=1",
					"$(inherited)",
				);
				GCC_WARN_64_TO_32_BIT_CONVERSION = YES;
				GCC_WARN_ABOUT_RETURN_TYPE = YES_ERROR;
				GCC_WARN_UNDECLARED_SELECTOR = YES;
				GCC_WARN_UNINITIALIZED_AUTOS = YES_AGGRESSIVE;
				GCC_WARN_UNUSED_FUNCTION = YES;
				GCC_WARN_UNUSED_VARIABLE = YES;
				IPHONEOS_DEPLOYMENT_TARGET = 14.4;
				MTL_ENABLE_DEBUG_INFO = INCLUDE_SOURCE;
				MTL_FAST_MATH = YES;
				ONLY_ACTIVE_ARCH = YES;
				SDKROOT = iphoneos;
				SWIFT_ACTIVE_COMPILATION_CONDITIONS = DEBUG;
				SWIFT_OPTIMIZATION_LEVEL = "-Onone";
			};
			name = Debug;
		};
		84895D7225E815E200D5EEC0 /* Release */ = {
			isa = XCBuildConfiguration;
			buildSettings = {
				ALWAYS_SEARCH_USER_PATHS = NO;
				CLANG_ANALYZER_NONNULL = YES;
				CLANG_ANALYZER_NUMBER_OBJECT_CONVERSION = YES_AGGRESSIVE;
				CLANG_CXX_LANGUAGE_STANDARD = "gnu++14";
				CLANG_CXX_LIBRARY = "libc++";
				CLANG_ENABLE_MODULES = YES;
				CLANG_ENABLE_OBJC_ARC = YES;
				CLANG_ENABLE_OBJC_WEAK = YES;
				CLANG_WARN_BLOCK_CAPTURE_AUTORELEASING = YES;
				CLANG_WARN_BOOL_CONVERSION = YES;
				CLANG_WARN_COMMA = YES;
				CLANG_WARN_CONSTANT_CONVERSION = YES;
				CLANG_WARN_DEPRECATED_OBJC_IMPLEMENTATIONS = YES;
				CLANG_WARN_DIRECT_OBJC_ISA_USAGE = YES_ERROR;
				CLANG_WARN_DOCUMENTATION_COMMENTS = YES;
				CLANG_WARN_EMPTY_BODY = YES;
				CLANG_WARN_ENUM_CONVERSION = YES;
				CLANG_WARN_INFINITE_RECURSION = YES;
				CLANG_WARN_INT_CONVERSION = YES;
				CLANG_WARN_NON_LITERAL_NULL_CONVERSION = YES;
				CLANG_WARN_OBJC_IMPLICIT_RETAIN_SELF = YES;
				CLANG_WARN_OBJC_LITERAL_CONVERSION = YES;
				CLANG_WARN_OBJC_ROOT_CLASS = YES_ERROR;
				CLANG_WARN_QUOTED_INCLUDE_IN_FRAMEWORK_HEADER = YES;
				CLANG_WARN_RANGE_LOOP_ANALYSIS = YES;
				CLANG_WARN_STRICT_PROTOTYPES = YES;
				CLANG_WARN_SUSPICIOUS_MOVE = YES;
				CLANG_WARN_UNGUARDED_AVAILABILITY = YES_AGGRESSIVE;
				CLANG_WARN_UNREACHABLE_CODE = YES;
				CLANG_WARN__DUPLICATE_METHOD_MATCH = YES;
				COPY_PHASE_STRIP = NO;
				DEBUG_INFORMATION_FORMAT = "dwarf-with-dsym";
				ENABLE_NS_ASSERTIONS = NO;
				ENABLE_STRICT_OBJC_MSGSEND = YES;
				GCC_C_LANGUAGE_STANDARD = gnu11;
				GCC_NO_COMMON_BLOCKS = YES;
				GCC_WARN_64_TO_32_BIT_CONVERSION = YES;
				GCC_WARN_ABOUT_RETURN_TYPE = YES_ERROR;
				GCC_WARN_UNDECLARED_SELECTOR = YES;
				GCC_WARN_UNINITIALIZED_AUTOS = YES_AGGRESSIVE;
				GCC_WARN_UNUSED_FUNCTION = YES;
				GCC_WARN_UNUSED_VARIABLE = YES;
				IPHONEOS_DEPLOYMENT_TARGET = 14.4;
				MTL_ENABLE_DEBUG_INFO = NO;
				MTL_FAST_MATH = YES;
				SDKROOT = iphoneos;
				SWIFT_COMPILATION_MODE = wholemodule;
				SWIFT_OPTIMIZATION_LEVEL = "-O";
				VALIDATE_PRODUCT = YES;
			};
			name = Release;
		};
		84895D7425E815E200D5EEC0 /* Debug */ = {
			isa = XCBuildConfiguration;
			buildSettings = {
				ASSETCATALOG_COMPILER_APPICON_NAME = AppIcon;
				ASSETCATALOG_COMPILER_GLOBAL_ACCENT_COLOR_NAME = AccentColor;
				CODE_SIGN_STYLE = Automatic;
				INFOPLIST_FILE = "App/Supporting Files/Info.plist";
				LD_RUNPATH_SEARCH_PATHS = (
					"$(inherited)",
					"@executable_path/Frameworks",
				);
				PRODUCT_BUNDLE_IDENTIFIER = "com.masilotti.Turbo-Demo";
				PRODUCT_NAME = "$(TARGET_NAME)";
				SWIFT_VERSION = 5.0;
				TARGETED_DEVICE_FAMILY = 1;
			};
			name = Debug;
		};
		84895D7525E815E200D5EEC0 /* Release */ = {
			isa = XCBuildConfiguration;
			buildSettings = {
				ASSETCATALOG_COMPILER_APPICON_NAME = AppIcon;
				ASSETCATALOG_COMPILER_GLOBAL_ACCENT_COLOR_NAME = AccentColor;
				CODE_SIGN_STYLE = Automatic;
				INFOPLIST_FILE = "App/Supporting Files/Info.plist";
				LD_RUNPATH_SEARCH_PATHS = (
					"$(inherited)",
					"@executable_path/Frameworks",
				);
				PRODUCT_BUNDLE_IDENTIFIER = "com.masilotti.Turbo-Demo";
				PRODUCT_NAME = "$(TARGET_NAME)";
				SWIFT_VERSION = 5.0;
				TARGETED_DEVICE_FAMILY = 1;
			};
			name = Release;
		};
/* End XCBuildConfiguration section */

/* Begin XCConfigurationList section */
		84895D5A25E815E100D5EEC0 /* Build configuration list for PBXProject "Turbo Demo" */ = {
			isa = XCConfigurationList;
			buildConfigurations = (
				84895D7125E815E200D5EEC0 /* Debug */,
				84895D7225E815E200D5EEC0 /* Release */,
			);
			defaultConfigurationIsVisible = 0;
			defaultConfigurationName = Release;
		};
		84895D7325E815E200D5EEC0 /* Build configuration list for PBXNativeTarget "Turbo Demo" */ = {
			isa = XCConfigurationList;
			buildConfigurations = (
				84895D7425E815E200D5EEC0 /* Debug */,
				84895D7525E815E200D5EEC0 /* Release */,
			);
			defaultConfigurationIsVisible = 0;
			defaultConfigurationName = Release;
		};
/* End XCConfigurationList section */

/* Begin XCRemoteSwiftPackageReference section */
		84895D7725E8161700D5EEC0 /* XCRemoteSwiftPackageReference "turbo-ios" */ = {
			isa = XCRemoteSwiftPackageReference;
			repositoryURL = "https://github.com/hotwired/turbo-ios.git";
			requirement = {
				kind = upToNextMajorVersion;
				minimumVersion = "7.0.0-beta.1";
			};
		};
/* End XCRemoteSwiftPackageReference section */

/* Begin XCSwiftPackageProductDependency section */
		84895D7825E8161700D5EEC0 /* Turbo */ = {
			isa = XCSwiftPackageProductDependency;
			package = 84895D7725E8161700D5EEC0 /* XCRemoteSwiftPackageReference "turbo-ios" */;
			productName = Turbo;
		};
/* End XCSwiftPackageProductDependency section */
	};
	rootObject = 84895D5725E815E100D5EEC0 /* Project object */;
}
